
Microsoft Visual Studio Solution File, Format Version 12.00
# Visual Studio Version 17
VisualStudioVersion = 17.13.35919.96
MinimumVisualStudioVersion = 10.0.40219.1
Project("{FAE04EC0-301F-11D3-BF4B-00C04F79EFBC}") = "PawnLabs.Dpay.Api", "PawnLabs.Dpay.Api\PawnLabs.Dpay.Api.csproj", "{1ECEC3BB-08F5-4DD0-B4AE-B40C0FD00D88}"
EndProject
Project("{FAE04EC0-301F-11D3-BF4B-00C04F79EFBC}") = "PawnLabs.Dpay.Core", "PawnLabs.Dpay.Core\PawnLabs.Dpay.Core.csproj", "{B64CF1A9-B9AE-4535-A339-B0BAF589C3FC}"
EndProject
Project("{FAE04EC0-301F-11D3-BF4B-00C04F79EFBC}") = "PawnLabs.Dpay.Data", "PawnLabs.Dpay.Data\PawnLabs.Dpay.Data.csproj", "{8EC7B04D-AFFD-4817-9B99-5F1E298C1781}"
EndProject
Project("{FAE04EC0-301F-11D3-BF4B-00C04F79EFBC}") = "PawnLabs.Dpay.Business", "PawnLabs.Dpay.Business\PawnLabs.Dpay.Business.csproj", "{B1009BB9-5BE1-4B8A-8474-F26640E1A6D5}"
EndProject
Project("{FAE04EC0-301F-11D3-BF4B-00C04F79EFBC}") = "PawnLabs.Dpay.Socket", "PawnLabs.Dpay.Socket\PawnLabs.Dpay.Socket.csproj", "{BEB8CE0D-3876-4F29-9B06-CC53E57AA913}"
EndProject
Global
	GlobalSection(SolutionConfigurationPlatforms) = preSolution
		Debug|Any CPU = Debug|Any CPU
		Release|Any CPU = Release|Any CPU
	EndGlobalSection
	GlobalSection(ProjectConfigurationPlatforms) = postSolution
		{1ECEC3BB-08F5-4DD0-B4AE-B40C0FD00D88}.Debug|Any CPU.ActiveCfg = Debug|Any CPU
		{1ECEC3BB-08F5-4DD0-B4AE-B40C0FD00D88}.Debug|Any CPU.Build.0 = Debug|Any CPU
		{1ECEC3BB-08F5-4DD0-B4AE-B40C0FD00D88}.Release|Any CPU.ActiveCfg = Release|Any CPU
		{1ECEC3BB-08F5-4DD0-B4AE-B40C0FD00D88}.Release|Any CPU.Build.0 = Release|Any CPU
		{B64CF1A9-B9AE-4535-A339-B0BAF589C3FC}.Debug|Any CPU.ActiveCfg = Debug|Any CPU
		{B64CF1A9-B9AE-4535-A339-B0BAF589C3FC}.Debug|Any CPU.Build.0 = Debug|Any CPU
		{B64CF1A9-B9AE-4535-A339-B0BAF589C3FC}.Release|Any CPU.ActiveCfg = Release|Any CPU
		{B64CF1A9-B9AE-4535-A339-B0BAF589C3FC}.Release|Any CPU.Build.0 = Release|Any CPU
		{8EC7B04D-AFFD-4817-9B99-5F1E298C1781}.Debug|Any CPU.ActiveCfg = Debug|Any CPU
		{8EC7B04D-AFFD-4817-9B99-5F1E298C1781}.Debug|Any CPU.Build.0 = Debug|Any CPU
		{8EC7B04D-AFFD-4817-9B99-5F1E298C1781}.Release|Any CPU.ActiveCfg = Release|Any CPU
		{8EC7B04D-AFFD-4817-9B99-5F1E298C1781}.Release|Any CPU.Build.0 = Release|Any CPU
		{B1009BB9-5BE1-4B8A-8474-F26640E1A6D5}.Debug|Any CPU.ActiveCfg = Debug|Any CPU
		{B1009BB9-5BE1-4B8A-8474-F26640E1A6D5}.Debug|Any CPU.Build.0 = Debug|Any CPU
		{B1009BB9-5BE1-4B8A-8474-F26640E1A6D5}.Release|Any CPU.ActiveCfg = Release|Any CPU
		{B1009BB9-5BE1-4B8A-8474-F26640E1A6D5}.Release|Any CPU.Build.0 = Release|Any CPU
		{BEB8CE0D-3876-4F29-9B06-CC53E57AA913}.Debug|Any CPU.ActiveCfg = Debug|Any CPU
		{BEB8CE0D-3876-4F29-9B06-CC53E57AA913}.Debug|Any CPU.Build.0 = Debug|Any CPU
		{BEB8CE0D-3876-4F29-9B06-CC53E57AA913}.Release|Any CPU.ActiveCfg = Release|Any CPU
		{BEB8CE0D-3876-4F29-9B06-CC53E57AA913}.Release|Any CPU.Build.0 = Release|Any CPU
	EndGlobalSection
	GlobalSection(SolutionProperties) = preSolution
		HideSolutionNode = FALSE
	EndGlobalSection
	GlobalSection(ExtensibilityGlobals) = postSolution
		SolutionGuid = {52E47603-E282-468E-96D7-833F11D8BDC1}
	EndGlobalSection
EndGlobal
